// !$*UTF8*$!
{
	archiveVersion = 1;
	classes = {
	};
	objectVersion = 46;
	objects = {

/* Begin PBXBuildFile section */
		D8E45AA518C8D96400BDA5A4 /* Foundation.framework in Frameworks */ = {isa = PBXBuildFile; fileRef = D8E45AA418C8D96400BDA5A4 /* Foundation.framework */; };
		D8E45AA718C8D96400BDA5A4 /* CoreGraphics.framework in Frameworks */ = {isa = PBXBuildFile; fileRef = D8E45AA618C8D96400BDA5A4 /* CoreGraphics.framework */; };
		D8E45AA918C8D96400BDA5A4 /* UIKit.framework in Frameworks */ = {isa = PBXBuildFile; fileRef = D8E45AA818C8D96400BDA5A4 /* UIKit.framework */; };
		D8E45AC618C8D96400BDA5A4 /* XCTest.framework in Frameworks */ = {isa = PBXBuildFile; fileRef = D8E45AC518C8D96400BDA5A4 /* XCTest.framework */; };
		D8E45AC718C8D96400BDA5A4 /* Foundation.framework in Frameworks */ = {isa = PBXBuildFile; fileRef = D8E45AA418C8D96400BDA5A4 /* Foundation.framework */; };
		D8E45AC818C8D96400BDA5A4 /* UIKit.framework in Frameworks */ = {isa = PBXBuildFile; fileRef = D8E45AA818C8D96400BDA5A4 /* UIKit.framework */; };
		D8E45AD018C8D96400BDA5A4 /* InfoPlist.strings in Resources */ = {isa = PBXBuildFile; fileRef = D8E45ACE18C8D96400BDA5A4 /* InfoPlist.strings */; };
		D8E45AD218C8D96400BDA5A4 /* JCCurrencyTextFieldTests.m in Sources */ = {isa = PBXBuildFile; fileRef = D8E45AD118C8D96400BDA5A4 /* JCCurrencyTextFieldTests.m */; };
		D8E45AEC18C8D9F100BDA5A4 /* AppDelegate.m in Sources */ = {isa = PBXBuildFile; fileRef = D8E45AE118C8D9F100BDA5A4 /* AppDelegate.m */; };
		D8E45AED18C8D9F100BDA5A4 /* Main.storyboard in Resources */ = {isa = PBXBuildFile; fileRef = D8E45AE218C8D9F100BDA5A4 /* Main.storyboard */; };
		D8E45AEE18C8D9F100BDA5A4 /* InfoPlist.strings in Resources */ = {isa = PBXBuildFile; fileRef = D8E45AE418C8D9F100BDA5A4 /* InfoPlist.strings */; };
		D8E45AEF18C8D9F100BDA5A4 /* Images.xcassets in Resources */ = {isa = PBXBuildFile; fileRef = D8E45AE618C8D9F100BDA5A4 /* Images.xcassets */; };
		D8E45AF018C8D9F100BDA5A4 /* JCCurrencyTextField-Info.plist in Resources */ = {isa = PBXBuildFile; fileRef = D8E45AE718C8D9F100BDA5A4 /* JCCurrencyTextField-Info.plist */; };
		D8E45AF118C8D9F100BDA5A4 /* main.m in Sources */ = {isa = PBXBuildFile; fileRef = D8E45AE918C8D9F100BDA5A4 /* main.m */; };
		D8E45AF218C8D9F100BDA5A4 /* ViewController.m in Sources */ = {isa = PBXBuildFile; fileRef = D8E45AEB18C8D9F100BDA5A4 /* ViewController.m */; };
		D8E45B0018C8DB8900BDA5A4 /* JCCurrencyTextField.m in Sources */ = {isa = PBXBuildFile; fileRef = D8E45AFF18C8DB8900BDA5A4 /* JCCurrencyTextField.m */; };
		D8E45B0918C8E6C200BDA5A4 /* GUIDE.md in Resources */ = {isa = PBXBuildFile; fileRef = D8E45B0318C8E6C200BDA5A4 /* GUIDE.md */; };
		D8E45B0A18C8E6C200BDA5A4 /* JCCurrencyUtil.m in Sources */ = {isa = PBXBuildFile; fileRef = D8E45B0618C8E6C200BDA5A4 /* JCCurrencyUtil.m */; };
		D8E45B0B18C8E6C200BDA5A4 /* LICENSE in Resources */ = {isa = PBXBuildFile; fileRef = D8E45B0718C8E6C200BDA5A4 /* LICENSE */; };
		D8E45B0C18C8E6C200BDA5A4 /* README.md in Resources */ = {isa = PBXBuildFile; fileRef = D8E45B0818C8E6C200BDA5A4 /* README.md */; };
/* End PBXBuildFile section */

/* Begin PBXContainerItemProxy section */
		D8E45AC918C8D96400BDA5A4 /* PBXContainerItemProxy */ = {
			isa = PBXContainerItemProxy;
			containerPortal = D8E45A9918C8D96400BDA5A4 /* Project object */;
			proxyType = 1;
			remoteGlobalIDString = D8E45AA018C8D96400BDA5A4;
			remoteInfo = JCCurrencyTextField;
		};
/* End PBXContainerItemProxy section */

/* Begin PBXFileReference section */
		D8E45AA118C8D96400BDA5A4 /* JCCurrencyTextField.app */ = {isa = PBXFileReference; explicitFileType = wrapper.application; includeInIndex = 0; path = JCCurrencyTextField.app; sourceTree = BUILT_PRODUCTS_DIR; };
		D8E45AA418C8D96400BDA5A4 /* Foundation.framework */ = {isa = PBXFileReference; lastKnownFileType = wrapper.framework; name = Foundation.framework; path = System/Library/Frameworks/Foundation.framework; sourceTree = SDKROOT; };
		D8E45AA618C8D96400BDA5A4 /* CoreGraphics.framework */ = {isa = PBXFileReference; lastKnownFileType = wrapper.framework; name = CoreGraphics.framework; path = System/Library/Frameworks/CoreGraphics.framework; sourceTree = SDKROOT; };
		D8E45AA818C8D96400BDA5A4 /* UIKit.framework */ = {isa = PBXFileReference; lastKnownFileType = wrapper.framework; name = UIKit.framework; path = System/Library/Frameworks/UIKit.framework; sourceTree = SDKROOT; };
		D8E45AC418C8D96400BDA5A4 /* JCCurrencyTextFieldTests.xctest */ = {isa = PBXFileReference; explicitFileType = wrapper.cfbundle; includeInIndex = 0; path = JCCurrencyTextFieldTests.xctest; sourceTree = BUILT_PRODUCTS_DIR; };
		D8E45AC518C8D96400BDA5A4 /* XCTest.framework */ = {isa = PBXFileReference; lastKnownFileType = wrapper.framework; name = XCTest.framework; path = Library/Frameworks/XCTest.framework; sourceTree = DEVELOPER_DIR; };
		D8E45ACD18C8D96400BDA5A4 /* JCCurrencyTextFieldTests-Info.plist */ = {isa = PBXFileReference; lastKnownFileType = text.plist.xml; path = "JCCurrencyTextFieldTests-Info.plist"; sourceTree = "<group>"; };
		D8E45ACF18C8D96400BDA5A4 /* en */ = {isa = PBXFileReference; lastKnownFileType = text.plist.strings; name = en; path = en.lproj/InfoPlist.strings; sourceTree = "<group>"; };
		D8E45AD118C8D96400BDA5A4 /* JCCurrencyTextFieldTests.m */ = {isa = PBXFileReference; lastKnownFileType = sourcecode.c.objc; path = JCCurrencyTextFieldTests.m; sourceTree = "<group>"; };
		D8E45AD418C8D96400BDA5A4 /* GUIDE.md */ = {isa = PBXFileReference; lastKnownFileType = text; path = GUIDE.md; sourceTree = "<group>"; };
		D8E45AD518C8D96400BDA5A4 /* LICENSE */ = {isa = PBXFileReference; lastKnownFileType = text; path = LICENSE; sourceTree = "<group>"; };
		D8E45AD618C8D96400BDA5A4 /* README.md */ = {isa = PBXFileReference; lastKnownFileType = text; path = README.md; sourceTree = "<group>"; };
		D8E45AE018C8D9F100BDA5A4 /* AppDelegate.h */ = {isa = PBXFileReference; fileEncoding = 4; lastKnownFileType = sourcecode.c.h; path = AppDelegate.h; sourceTree = "<group>"; };
		D8E45AE118C8D9F100BDA5A4 /* AppDelegate.m */ = {isa = PBXFileReference; fileEncoding = 4; lastKnownFileType = sourcecode.c.objc; path = AppDelegate.m; sourceTree = "<group>"; };
		D8E45AE318C8D9F100BDA5A4 /* Base */ = {isa = PBXFileReference; lastKnownFileType = file.storyboard; name = Base; path = Base.lproj/Main.storyboard; sourceTree = "<group>"; };
		D8E45AE518C8D9F100BDA5A4 /* en */ = {isa = PBXFileReference; lastKnownFileType = text.plist.strings; name = en; path = en.lproj/InfoPlist.strings; sourceTree = "<group>"; };
		D8E45AE618C8D9F100BDA5A4 /* Images.xcassets */ = {isa = PBXFileReference; lastKnownFileType = folder.assetcatalog; path = Images.xcassets; sourceTree = "<group>"; };
		D8E45AE718C8D9F100BDA5A4 /* JCCurrencyTextField-Info.plist */ = {isa = PBXFileReference; fileEncoding = 4; lastKnownFileType = text.plist.xml; path = "JCCurrencyTextField-Info.plist"; sourceTree = "<group>"; };
		D8E45AE818C8D9F100BDA5A4 /* JCCurrencyTextField-Prefix.pch */ = {isa = PBXFileReference; fileEncoding = 4; lastKnownFileType = sourcecode.c.h; path = "JCCurrencyTextField-Prefix.pch"; sourceTree = "<group>"; };
		D8E45AE918C8D9F100BDA5A4 /* main.m */ = {isa = PBXFileReference; fileEncoding = 4; lastKnownFileType = sourcecode.c.objc; path = main.m; sourceTree = "<group>"; };
		D8E45AEA18C8D9F100BDA5A4 /* ViewController.h */ = {isa = PBXFileReference; fileEncoding = 4; lastKnownFileType = sourcecode.c.h; path = ViewController.h; sourceTree = "<group>"; };
		D8E45AEB18C8D9F100BDA5A4 /* ViewController.m */ = {isa = PBXFileReference; fileEncoding = 4; lastKnownFileType = sourcecode.c.objc; path = ViewController.m; sourceTree = "<group>"; };
		D8E45AFE18C8DB8900BDA5A4 /* JCCurrencyTextField.h */ = {isa = PBXFileReference; fileEncoding = 4; lastKnownFileType = sourcecode.c.h; path = JCCurrencyTextField.h; sourceTree = "<group>"; };
		D8E45AFF18C8DB8900BDA5A4 /* JCCurrencyTextField.m */ = {isa = PBXFileReference; fileEncoding = 4; lastKnownFileType = sourcecode.c.objc; path = JCCurrencyTextField.m; sourceTree = "<group>"; };
		D8E45B0318C8E6C200BDA5A4 /* GUIDE.md */ = {isa = PBXFileReference; fileEncoding = 4; lastKnownFileType = text; path = GUIDE.md; sourceTree = "<group>"; };
		D8E45B0518C8E6C200BDA5A4 /* JCCurrencyUtil.h */ = {isa = PBXFileReference; fileEncoding = 4; lastKnownFileType = sourcecode.c.h; path = JCCurrencyUtil.h; sourceTree = "<group>"; };
		D8E45B0618C8E6C200BDA5A4 /* JCCurrencyUtil.m */ = {isa = PBXFileReference; fileEncoding = 4; lastKnownFileType = sourcecode.c.objc; path = JCCurrencyUtil.m; sourceTree = "<group>"; };
		D8E45B0718C8E6C200BDA5A4 /* LICENSE */ = {isa = PBXFileReference; fileEncoding = 4; lastKnownFileType = text; name = LICENSE; path = JCCurrencyUtil/LICENSE; sourceTree = SOURCE_ROOT; };
		D8E45B0818C8E6C200BDA5A4 /* README.md */ = {isa = PBXFileReference; fileEncoding = 4; lastKnownFileType = text; name = README.md; path = JCCurrencyUtil/README.md; sourceTree = SOURCE_ROOT; };
/* End PBXFileReference section */

/* Begin PBXFrameworksBuildPhase section */
		D8E45A9E18C8D96400BDA5A4 /* Frameworks */ = {
			isa = PBXFrameworksBuildPhase;
			buildActionMask = 2147483647;
			files = (
				D8E45AA718C8D96400BDA5A4 /* CoreGraphics.framework in Frameworks */,
				D8E45AA918C8D96400BDA5A4 /* UIKit.framework in Frameworks */,
				D8E45AA518C8D96400BDA5A4 /* Foundation.framework in Frameworks */,
			);
			runOnlyForDeploymentPostprocessing = 0;
		};
		D8E45AC118C8D96400BDA5A4 /* Frameworks */ = {
			isa = PBXFrameworksBuildPhase;
			buildActionMask = 2147483647;
			files = (
				D8E45AC618C8D96400BDA5A4 /* XCTest.framework in Frameworks */,
				D8E45AC818C8D96400BDA5A4 /* UIKit.framework in Frameworks */,
				D8E45AC718C8D96400BDA5A4 /* Foundation.framework in Frameworks */,
			);
			runOnlyForDeploymentPostprocessing = 0;
		};
/* End PBXFrameworksBuildPhase section */

/* Begin PBXGroup section */
		D8E45A9818C8D96400BDA5A4 = {
			isa = PBXGroup;
			children = (
				D8E45AFD18C8DB8900BDA5A4 /* JCCurrencyTextField */,
				D8E45ADF18C8D9F100BDA5A4 /* Demo */,
				D8E45ACB18C8D96400BDA5A4 /* JCCurrencyTextFieldTests */,
				D8E45AD318C8D96400BDA5A4 /* Documentation */,
				D8E45AA318C8D96400BDA5A4 /* Frameworks */,
				D8E45AA218C8D96400BDA5A4 /* Products */,
			);
			sourceTree = "<group>";
		};
		D8E45AA218C8D96400BDA5A4 /* Products */ = {
			isa = PBXGroup;
			children = (
				D8E45AA118C8D96400BDA5A4 /* JCCurrencyTextField.app */,
				D8E45AC418C8D96400BDA5A4 /* JCCurrencyTextFieldTests.xctest */,
			);
			name = Products;
			sourceTree = "<group>";
		};
		D8E45AA318C8D96400BDA5A4 /* Frameworks */ = {
			isa = PBXGroup;
			children = (
				D8E45AA418C8D96400BDA5A4 /* Foundation.framework */,
				D8E45AA618C8D96400BDA5A4 /* CoreGraphics.framework */,
				D8E45AA818C8D96400BDA5A4 /* UIKit.framework */,
				D8E45AC518C8D96400BDA5A4 /* XCTest.framework */,
			);
			name = Frameworks;
			sourceTree = "<group>";
		};
		D8E45ACB18C8D96400BDA5A4 /* JCCurrencyTextFieldTests */ = {
			isa = PBXGroup;
			children = (
				D8E45AD118C8D96400BDA5A4 /* JCCurrencyTextFieldTests.m */,
				D8E45ACC18C8D96400BDA5A4 /* Supporting Files */,
			);
			path = JCCurrencyTextFieldTests;
			sourceTree = "<group>";
		};
		D8E45ACC18C8D96400BDA5A4 /* Supporting Files */ = {
			isa = PBXGroup;
			children = (
				D8E45ACD18C8D96400BDA5A4 /* JCCurrencyTextFieldTests-Info.plist */,
				D8E45ACE18C8D96400BDA5A4 /* InfoPlist.strings */,
			);
			name = "Supporting Files";
			sourceTree = "<group>";
		};
		D8E45AD318C8D96400BDA5A4 /* Documentation */ = {
			isa = PBXGroup;
			children = (
				D8E45AD418C8D96400BDA5A4 /* GUIDE.md */,
				D8E45AD518C8D96400BDA5A4 /* LICENSE */,
				D8E45AD618C8D96400BDA5A4 /* README.md */,
			);
			path = Documentation;
			sourceTree = "<group>";
		};
		D8E45ADF18C8D9F100BDA5A4 /* Demo */ = {
			isa = PBXGroup;
			children = (
				D8E45AF318C8DA4100BDA5A4 /* Application Delegate */,
				D8E45AF618C8DA7F00BDA5A4 /* View Controllers */,
				D8E45AF418C8DA5C00BDA5A4 /* Resources */,
				D8E45AF518C8DA6C00BDA5A4 /* Supporting Files */,
			);
			path = Demo;
			sourceTree = "<group>";
		};
		D8E45AF318C8DA4100BDA5A4 /* Application Delegate */ = {
			isa = PBXGroup;
			children = (
				D8E45AE018C8D9F100BDA5A4 /* AppDelegate.h */,
				D8E45AE118C8D9F100BDA5A4 /* AppDelegate.m */,
			);
			name = "Application Delegate";
			sourceTree = "<group>";
		};
		D8E45AF418C8DA5C00BDA5A4 /* Resources */ = {
			isa = PBXGroup;
			children = (
				D8E45AE218C8D9F100BDA5A4 /* Main.storyboard */,
				D8E45AE618C8D9F100BDA5A4 /* Images.xcassets */,
			);
			name = Resources;
			sourceTree = "<group>";
		};
		D8E45AF518C8DA6C00BDA5A4 /* Supporting Files */ = {
			isa = PBXGroup;
			children = (
				D8E45AE418C8D9F100BDA5A4 /* InfoPlist.strings */,
				D8E45AE718C8D9F100BDA5A4 /* JCCurrencyTextField-Info.plist */,
				D8E45AE818C8D9F100BDA5A4 /* JCCurrencyTextField-Prefix.pch */,
				D8E45AE918C8D9F100BDA5A4 /* main.m */,
			);
			name = "Supporting Files";
			sourceTree = "<group>";
		};
		D8E45AF618C8DA7F00BDA5A4 /* View Controllers */ = {
			isa = PBXGroup;
			children = (
				D8E45AEA18C8D9F100BDA5A4 /* ViewController.h */,
				D8E45AEB18C8D9F100BDA5A4 /* ViewController.m */,
			);
			name = "View Controllers";
			sourceTree = "<group>";
		};
		D8E45AFD18C8DB8900BDA5A4 /* JCCurrencyTextField */ = {
			isa = PBXGroup;
			children = (
				D8E45B0118C8E63900BDA5A4 /* Externals */,
				D8E45AFE18C8DB8900BDA5A4 /* JCCurrencyTextField.h */,
				D8E45AFF18C8DB8900BDA5A4 /* JCCurrencyTextField.m */,
			);
			path = JCCurrencyTextField;
			sourceTree = "<group>";
		};
		D8E45B0118C8E63900BDA5A4 /* Externals */ = {
			isa = PBXGroup;
			children = (
				D8E45B0418C8E6C200BDA5A4 /* JCCurrencyUtil */,
			);
			name = Externals;
			sourceTree = "<group>";
		};
		D8E45B0218C8E6C200BDA5A4 /* Documentation */ = {
			isa = PBXGroup;
			children = (
				D8E45B0718C8E6C200BDA5A4 /* LICENSE */,
				D8E45B0818C8E6C200BDA5A4 /* README.md */,
				D8E45B0318C8E6C200BDA5A4 /* GUIDE.md */,
			);
			name = Documentation;
			path = JCCurrencyUtil/Documentation;
			sourceTree = SOURCE_ROOT;
		};
		D8E45B0418C8E6C200BDA5A4 /* JCCurrencyUtil */ = {
			isa = PBXGroup;
			children = (
				D8E45B0218C8E6C200BDA5A4 /* Documentation */,
				D8E45B0518C8E6C200BDA5A4 /* JCCurrencyUtil.h */,
				D8E45B0618C8E6C200BDA5A4 /* JCCurrencyUtil.m */,
			);
			name = JCCurrencyUtil;
			path = JCCurrencyUtil/JCCurrencyUtil;
			sourceTree = SOURCE_ROOT;
		};
/* End PBXGroup section */

/* Begin PBXNativeTarget section */
		D8E45AA018C8D96400BDA5A4 /* JCCurrencyTextField */ = {
			isa = PBXNativeTarget;
			buildConfigurationList = D8E45AD918C8D96400BDA5A4 /* Build configuration list for PBXNativeTarget "JCCurrencyTextField" */;
			buildPhases = (
				D8E45A9D18C8D96400BDA5A4 /* Sources */,
				D8E45A9E18C8D96400BDA5A4 /* Frameworks */,
				D8E45A9F18C8D96400BDA5A4 /* Resources */,
			);
			buildRules = (
			);
			dependencies = (
			);
			name = JCCurrencyTextField;
			productName = JCCurrencyTextField;
			productReference = D8E45AA118C8D96400BDA5A4 /* JCCurrencyTextField.app */;
			productType = "com.apple.product-type.application";
		};
		D8E45AC318C8D96400BDA5A4 /* JCCurrencyTextFieldTests */ = {
			isa = PBXNativeTarget;
			buildConfigurationList = D8E45ADC18C8D96400BDA5A4 /* Build configuration list for PBXNativeTarget "JCCurrencyTextFieldTests" */;
			buildPhases = (
				D8E45AC018C8D96400BDA5A4 /* Sources */,
				D8E45AC118C8D96400BDA5A4 /* Frameworks */,
				D8E45AC218C8D96400BDA5A4 /* Resources */,
			);
			buildRules = (
			);
			dependencies = (
				D8E45ACA18C8D96400BDA5A4 /* PBXTargetDependency */,
			);
			name = JCCurrencyTextFieldTests;
			productName = JCCurrencyTextFieldTests;
			productReference = D8E45AC418C8D96400BDA5A4 /* JCCurrencyTextFieldTests.xctest */;
			productType = "com.apple.product-type.bundle.unit-test";
		};
/* End PBXNativeTarget section */

/* Begin PBXProject section */
		D8E45A9918C8D96400BDA5A4 /* Project object */ = {
			isa = PBXProject;
			attributes = {
				LastUpgradeCheck = 0500;
				ORGANIZATIONNAME = "Joseph Collins";
				TargetAttributes = {
					D8E45AC318C8D96400BDA5A4 = {
						TestTargetID = D8E45AA018C8D96400BDA5A4;
					};
				};
			};
			buildConfigurationList = D8E45A9C18C8D96400BDA5A4 /* Build configuration list for PBXProject "JCCurrencyTextField" */;
			compatibilityVersion = "Xcode 3.2";
			developmentRegion = English;
			hasScannedForEncodings = 0;
			knownRegions = (
				en,
				Base,
			);
			mainGroup = D8E45A9818C8D96400BDA5A4;
			productRefGroup = D8E45AA218C8D96400BDA5A4 /* Products */;
			projectDirPath = "";
			projectRoot = "";
			targets = (
				D8E45AA018C8D96400BDA5A4 /* JCCurrencyTextField */,
				D8E45AC318C8D96400BDA5A4 /* JCCurrencyTextFieldTests */,
			);
		};
/* End PBXProject section */

/* Begin PBXResourcesBuildPhase section */
		D8E45A9F18C8D96400BDA5A4 /* Resources */ = {
			isa = PBXResourcesBuildPhase;
			buildActionMask = 2147483647;
			files = (
				D8E45B0B18C8E6C200BDA5A4 /* LICENSE in Resources */,
				D8E45AEF18C8D9F100BDA5A4 /* Images.xcassets in Resources */,
				D8E45AED18C8D9F100BDA5A4 /* Main.storyboard in Resources */,
				D8E45B0C18C8E6C200BDA5A4 /* README.md in Resources */,
				D8E45B0918C8E6C200BDA5A4 /* GUIDE.md in Resources */,
				D8E45AF018C8D9F100BDA5A4 /* JCCurrencyTextField-Info.plist in Resources */,
				D8E45AEE18C8D9F100BDA5A4 /* InfoPlist.strings in Resources */,
			);
			runOnlyForDeploymentPostprocessing = 0;
		};
		D8E45AC218C8D96400BDA5A4 /* Resources */ = {
			isa = PBXResourcesBuildPhase;
			buildActionMask = 2147483647;
			files = (
				D8E45AD018C8D96400BDA5A4 /* InfoPlist.strings in Resources */,
			);
			runOnlyForDeploymentPostprocessing = 0;
		};
/* End PBXResourcesBuildPhase section */

/* Begin PBXSourcesBuildPhase section */
		D8E45A9D18C8D96400BDA5A4 /* Sources */ = {
			isa = PBXSourcesBuildPhase;
			buildActionMask = 2147483647;
			files = (
				D8E45AF218C8D9F100BDA5A4 /* ViewController.m in Sources */,
				D8E45B0018C8DB8900BDA5A4 /* JCCurrencyTextField.m in Sources */,
				D8E45AF118C8D9F100BDA5A4 /* main.m in Sources */,
				D8E45AEC18C8D9F100BDA5A4 /* AppDelegate.m in Sources */,
				D8E45B0A18C8E6C200BDA5A4 /* JCCurrencyUtil.m in Sources */,
			);
			runOnlyForDeploymentPostprocessing = 0;
		};
		D8E45AC018C8D96400BDA5A4 /* Sources */ = {
			isa = PBXSourcesBuildPhase;
			buildActionMask = 2147483647;
			files = (
				D8E45AD218C8D96400BDA5A4 /* JCCurrencyTextFieldTests.m in Sources */,
			);
			runOnlyForDeploymentPostprocessing = 0;
		};
/* End PBXSourcesBuildPhase section */

/* Begin PBXTargetDependency section */
		D8E45ACA18C8D96400BDA5A4 /* PBXTargetDependency */ = {
			isa = PBXTargetDependency;
			target = D8E45AA018C8D96400BDA5A4 /* JCCurrencyTextField */;
			targetProxy = D8E45AC918C8D96400BDA5A4 /* PBXContainerItemProxy */;
		};
/* End PBXTargetDependency section */

/* Begin PBXVariantGroup section */
		D8E45ACE18C8D96400BDA5A4 /* InfoPlist.strings */ = {
			isa = PBXVariantGroup;
			children = (
				D8E45ACF18C8D96400BDA5A4 /* en */,
			);
			name = InfoPlist.strings;
			sourceTree = "<group>";
		};
		D8E45AE218C8D9F100BDA5A4 /* Main.storyboard */ = {
			isa = PBXVariantGroup;
			children = (
				D8E45AE318C8D9F100BDA5A4 /* Base */,
			);
			name = Main.storyboard;
			sourceTree = "<group>";
		};
		D8E45AE418C8D9F100BDA5A4 /* InfoPlist.strings */ = {
			isa = PBXVariantGroup;
			children = (
				D8E45AE518C8D9F100BDA5A4 /* en */,
			);
			name = InfoPlist.strings;
			sourceTree = "<group>";
		};
/* End PBXVariantGroup section */

/* Begin XCBuildConfiguration section */
		D8E45AD718C8D96400BDA5A4 /* Debug */ = {
			isa = XCBuildConfiguration;
			buildSettings = {
				ALWAYS_SEARCH_USER_PATHS = NO;
				ARCHS = "$(ARCHS_STANDARD_INCLUDING_64_BIT)";
				CLANG_CXX_LANGUAGE_STANDARD = "gnu++0x";
				CLANG_CXX_LIBRARY = "libc++";
				CLANG_ENABLE_MODULES = YES;
				CLANG_ENABLE_OBJC_ARC = YES;
				CLANG_WARN_BOOL_CONVERSION = YES;
				CLANG_WARN_CONSTANT_CONVERSION = YES;
				CLANG_WARN_DIRECT_OBJC_ISA_USAGE = YES_ERROR;
				CLANG_WARN_EMPTY_BODY = YES;
				CLANG_WARN_ENUM_CONVERSION = YES;
				CLANG_WARN_INT_CONVERSION = YES;
				CLANG_WARN_OBJC_ROOT_CLASS = YES_ERROR;
				CLANG_WARN__DUPLICATE_METHOD_MATCH = YES;
				"CODE_SIGN_IDENTITY[sdk=iphoneos*]" = "iPhone Developer";
				COPY_PHASE_STRIP = NO;
				GCC_C_LANGUAGE_STANDARD = gnu99;
				GCC_DYNAMIC_NO_PIC = NO;
				GCC_OPTIMIZATION_LEVEL = 0;
				GCC_PREPROCESSOR_DEFINITIONS = (
					"DEBUG=1",
					"$(inherited)",
				);
				GCC_SYMBOLS_PRIVATE_EXTERN = NO;
				GCC_WARN_64_TO_32_BIT_CONVERSION = YES;
				GCC_WARN_ABOUT_RETURN_TYPE = YES_ERROR;
				GCC_WARN_UNDECLARED_SELECTOR = YES;
				GCC_WARN_UNINITIALIZED_AUTOS = YES;
				GCC_WARN_UNUSED_FUNCTION = YES;
				GCC_WARN_UNUSED_VARIABLE = YES;
				IPHONEOS_DEPLOYMENT_TARGET = 7.0;
				ONLY_ACTIVE_ARCH = YES;
				SDKROOT = iphoneos;
			};
			name = Debug;
		};
		D8E45AD818C8D96400BDA5A4 /* Release */ = {
			isa = XCBuildConfiguration;
			buildSettings = {
				ALWAYS_SEARCH_USER_PATHS = NO;
				ARCHS = "$(ARCHS_STANDARD_INCLUDING_64_BIT)";
				CLANG_CXX_LANGUAGE_STANDARD = "gnu++0x";
				CLANG_CXX_LIBRARY = "libc++";
				CLANG_ENABLE_MODULES = YES;
				CLANG_ENABLE_OBJC_ARC = YES;
				CLANG_WARN_BOOL_CONVERSION = YES;
				CLANG_WARN_CONSTANT_CONVERSION = YES;
				CLANG_WARN_DIRECT_OBJC_ISA_USAGE = YES_ERROR;
				CLANG_WARN_EMPTY_BODY = YES;
				CLANG_WARN_ENUM_CONVERSION = YES;
				CLANG_WARN_INT_CONVERSION = YES;
				CLANG_WARN_OBJC_ROOT_CLASS = YES_ERROR;
				CLANG_WARN__DUPLICATE_METHOD_MATCH = YES;
				"CODE_SIGN_IDENTITY[sdk=iphoneos*]" = "iPhone Developer";
				COPY_PHASE_STRIP = YES;
				ENABLE_NS_ASSERTIONS = NO;
				GCC_C_LANGUAGE_STANDARD = gnu99;
				GCC_WARN_64_TO_32_BIT_CONVERSION = YES;
				GCC_WARN_ABOUT_RETURN_TYPE = YES_ERROR;
				GCC_WARN_UNDECLARED_SELECTOR = YES;
				GCC_WARN_UNINITIALIZED_AUTOS = YES;
				GCC_WARN_UNUSED_FUNCTION = YES;
				GCC_WARN_UNUSED_VARIABLE = YES;
				IPHONEOS_DEPLOYMENT_TARGET = 7.0;
				SDKROOT = iphoneos;
				VALIDATE_PRODUCT = YES;
			};
			name = Release;
		};
		D8E45ADA18C8D96400BDA5A4 /* Debug */ = {
			isa = XCBuildConfiguration;
			buildSettings = {
				ASSETCATALOG_COMPILER_APPICON_NAME = AppIcon;
				ASSETCATALOG_COMPILER_LAUNCHIMAGE_NAME = LaunchImage;
				GCC_PRECOMPILE_PREFIX_HEADER = YES;
				GCC_PREFIX_HEADER = "Demo/JCCurrencyTextField-Prefix.pch";
				INFOPLIST_FILE = "Demo/JCCurrencyTextField-Info.plist";
				PRODUCT_NAME = "$(TARGET_NAME)";
				WRAPPER_EXTENSION = app;
			};
			name = Debug;
		};
		D8E45ADB18C8D96400BDA5A4 /* Release */ = {
			isa = XCBuildConfiguration;
			buildSettings = {
				ASSETCATALOG_COMPILER_APPICON_NAME = AppIcon;
				ASSETCATALOG_COMPILER_LAUNCHIMAGE_NAME = LaunchImage;
				GCC_PRECOMPILE_PREFIX_HEADER = YES;
				GCC_PREFIX_HEADER = "Demo/JCCurrencyTextField-Prefix.pch";
				INFOPLIST_FILE = "Demo/JCCurrencyTextField-Info.plist";
				PRODUCT_NAME = "$(TARGET_NAME)";
				WRAPPER_EXTENSION = app;
			};
			name = Release;
		};
		D8E45ADD18C8D96400BDA5A4 /* Debug */ = {
			isa = XCBuildConfiguration;
			buildSettings = {
				ARCHS = "$(ARCHS_STANDARD_INCLUDING_64_BIT)";
				BUNDLE_LOADER = "$(BUILT_PRODUCTS_DIR)/JCCurrencyTextField.app/JCCurrencyTextField";
				FRAMEWORK_SEARCH_PATHS = (
					"$(SDKROOT)/Developer/Library/Frameworks",
					"$(inherited)",
					"$(DEVELOPER_FRAMEWORKS_DIR)",
				);
				GCC_PRECOMPILE_PREFIX_HEADER = YES;
				GCC_PREFIX_HEADER = "JCCurrencyTextField/JCCurrencyTextField-Prefix.pch";
				GCC_PREPROCESSOR_DEFINITIONS = (
					"DEBUG=1",
					"$(inherited)",
				);
				INFOPLIST_FILE = "JCCurrencyTextFieldTests/JCCurrencyTextFieldTests-Info.plist";
				PRODUCT_NAME = "$(TARGET_NAME)";
				TEST_HOST = "$(BUNDLE_LOADER)";
				WRAPPER_EXTENSION = xctest;
			};
			name = Debug;
		};
		D8E45ADE18C8D96400BDA5A4 /* Release */ = {
			isa = XCBuildConfiguration;
			buildSettings = {
				ARCHS = "$(ARCHS_STANDARD_INCLUDING_64_BIT)";
				BUNDLE_LOADER = "$(BUILT_PRODUCTS_DIR)/JCCurrencyTextField.app/JCCurrencyTextField";
				FRAMEWORK_SEARCH_PATHS = (
					"$(SDKROOT)/Developer/Library/Frameworks",
					"$(inherited)",
					"$(DEVELOPER_FRAMEWORKS_DIR)",
				);
				GCC_PRECOMPILE_PREFIX_HEADER = YES;
				GCC_PREFIX_HEADER = "JCCurrencyTextField/JCCurrencyTextField-Prefix.pch";
				INFOPLIST_FILE = "JCCurrencyTextFieldTests/JCCurrencyTextFieldTests-Info.plist";
				PRODUCT_NAME = "$(TARGET_NAME)";
				TEST_HOST = "$(BUNDLE_LOADER)";
				WRAPPER_EXTENSION = xctest;
			};
			name = Release;
		};
/* End XCBuildConfiguration section */

/* Begin XCConfigurationList section */
		D8E45A9C18C8D96400BDA5A4 /* Build configuration list for PBXProject "JCCurrencyTextField" */ = {
			isa = XCConfigurationList;
			buildConfigurations = (
				D8E45AD718C8D96400BDA5A4 /* Debug */,
				D8E45AD818C8D96400BDA5A4 /* Release */,
			);
			defaultConfigurationIsVisible = 0;
			defaultConfigurationName = Release;
		};
		D8E45AD918C8D96400BDA5A4 /* Build configuration list for PBXNativeTarget "JCCurrencyTextField" */ = {
			isa = XCConfigurationList;
			buildConfigurations = (
				D8E45ADA18C8D96400BDA5A4 /* Debug */,
				D8E45ADB18C8D96400BDA5A4 /* Release */,
			);
			defaultConfigurationIsVisible = 0;
		};
		D8E45ADC18C8D96400BDA5A4 /* Build configuration list for PBXNativeTarget "JCCurrencyTextFieldTests" */ = {
			isa = XCConfigurationList;
			buildConfigurations = (
				D8E45ADD18C8D96400BDA5A4 /* Debug */,
				D8E45ADE18C8D96400BDA5A4 /* Release */,
			);
			defaultConfigurationIsVisible = 0;
		};
/* End XCConfigurationList section */
	};
	rootObject = D8E45A9918C8D96400BDA5A4 /* Project object */;
}
