// !$*UTF8*$!
{
	archiveVersion = 1;
	classes = {
	};
	objectVersion = 46;
	objects = {

/* Begin PBXAggregateTarget section */
		D89737F018E3429B00F76C58 /* Documentation */ = {
			isa = PBXAggregateTarget;
			buildConfigurationList = D89737F818E3429B00F76C58 /* Build configuration list for PBXAggregateTarget "Documentation" */;
			buildPhases = (
				D89737EF18E3429B00F76C58 /* ShellScript */,
			);
			dependencies = (
			);
			name = Documentation;
			productName = Documentation;
		};
/* End PBXAggregateTarget section */

/* Begin PBXBuildFile section */
		D8E45AA518C8D96400BDA5A4 /* Foundation.framework in Frameworks */ = {isa = PBXBuildFile; fileRef = D8E45AA418C8D96400BDA5A4 /* Foundation.framework */; };
		D8E45AA718C8D96400BDA5A4 /* CoreGraphics.framework in Frameworks */ = {isa = PBXBuildFile; fileRef = D8E45AA618C8D96400BDA5A4 /* CoreGraphics.framework */; };
		D8E45AA918C8D96400BDA5A4 /* UIKit.framework in Frameworks */ = {isa = PBXBuildFile; fileRef = D8E45AA818C8D96400BDA5A4 /* UIKit.framework */; };
		D8E45AC618C8D96400BDA5A4 /* XCTest.framework in Frameworks */ = {isa = PBXBuildFile; fileRef = D8E45AC518C8D96400BDA5A4 /* XCTest.framework */; };
		D8E45AC718C8D96400BDA5A4 /* Foundation.framework in Frameworks */ = {isa = PBXBuildFile; fileRef = D8E45AA418C8D96400BDA5A4 /* Foundation.framework */; };
		D8E45AC818C8D96400BDA5A4 /* UIKit.framework in Frameworks */ = {isa = PBXBuildFile; fileRef = D8E45AA818C8D96400BDA5A4 /* UIKit.framework */; };
		D8E45AD018C8D96400BDA5A4 /* InfoPlist.strings in Resources */ = {isa = PBXBuildFile; fileRef = D8E45ACE18C8D96400BDA5A4 /* InfoPlist.strings */; };
		D8E45AD218C8D96400BDA5A4 /* JOECurrencyTextFieldTests.m in Sources */ = {isa = PBXBuildFile; fileRef = D8E45AD118C8D96400BDA5A4 /* JOECurrencyTextFieldTests.m */; };
		D8E45AEC18C8D9F100BDA5A4 /* AppDelegate.m in Sources */ = {isa = PBXBuildFile; fileRef = D8E45AE118C8D9F100BDA5A4 /* AppDelegate.m */; };
		D8E45AED18C8D9F100BDA5A4 /* Main.storyboard in Resources */ = {isa = PBXBuildFile; fileRef = D8E45AE218C8D9F100BDA5A4 /* Main.storyboard */; };
		D8E45AEE18C8D9F100BDA5A4 /* InfoPlist.strings in Resources */ = {isa = PBXBuildFile; fileRef = D8E45AE418C8D9F100BDA5A4 /* InfoPlist.strings */; };
		D8E45AEF18C8D9F100BDA5A4 /* Images.xcassets in Resources */ = {isa = PBXBuildFile; fileRef = D8E45AE618C8D9F100BDA5A4 /* Images.xcassets */; };
		D8E45AF118C8D9F100BDA5A4 /* main.m in Sources */ = {isa = PBXBuildFile; fileRef = D8E45AE918C8D9F100BDA5A4 /* main.m */; };
		D8E45AF218C8D9F100BDA5A4 /* ViewController.m in Sources */ = {isa = PBXBuildFile; fileRef = D8E45AEB18C8D9F100BDA5A4 /* ViewController.m */; };
		D8E45B0018C8DB8900BDA5A4 /* JOECurrencyTextField.m in Sources */ = {isa = PBXBuildFile; fileRef = D8E45AFF18C8DB8900BDA5A4 /* JOECurrencyTextField.m */; };
/* End PBXBuildFile section */

/* Begin PBXContainerItemProxy section */
		D8E45AC918C8D96400BDA5A4 /* PBXContainerItemProxy */ = {
			isa = PBXContainerItemProxy;
			containerPortal = D8E45A9918C8D96400BDA5A4 /* Project object */;
			proxyType = 1;
			remoteGlobalIDString = D8E45AA018C8D96400BDA5A4;
			remoteInfo = JOECurrencyTextField;
		};
/* End PBXContainerItemProxy section */

/* Begin PBXFileReference section */
		D89737F218E3429B00F76C58 /* AppledocSettings.plist */ = {isa = PBXFileReference; lastKnownFileType = text.plist.xml; name = AppledocSettings.plist; path = Documentation/AppledocSettings.plist; sourceTree = "<group>"; };
		D89737F418E3429B00F76C58 /* Programming Guide-template.markdown */ = {isa = PBXFileReference; lastKnownFileType = text; name = "Programming Guide-template.markdown"; path = "Documentation/Programming Guide-template.markdown"; sourceTree = "<group>"; };
		D89737F518E3429B00F76C58 /* Setup Guide-template.markdown */ = {isa = PBXFileReference; lastKnownFileType = text; name = "Setup Guide-template.markdown"; path = "Documentation/Setup Guide-template.markdown"; sourceTree = "<group>"; };
		D89737F618E3429B00F76C58 /* LICENSE */ = {isa = PBXFileReference; lastKnownFileType = text; path = LICENSE; sourceTree = "<group>"; };
		D89737F718E3429B00F76C58 /* Readme.markdown */ = {isa = PBXFileReference; lastKnownFileType = text; path = Readme.markdown; sourceTree = "<group>"; };
		D8E45AA118C8D96400BDA5A4 /* JOECurrencyTextField.app */ = {isa = PBXFileReference; explicitFileType = wrapper.application; includeInIndex = 0; path = JOECurrencyTextField.app; sourceTree = BUILT_PRODUCTS_DIR; };
		D8E45AA418C8D96400BDA5A4 /* Foundation.framework */ = {isa = PBXFileReference; lastKnownFileType = wrapper.framework; name = Foundation.framework; path = System/Library/Frameworks/Foundation.framework; sourceTree = SDKROOT; };
		D8E45AA618C8D96400BDA5A4 /* CoreGraphics.framework */ = {isa = PBXFileReference; lastKnownFileType = wrapper.framework; name = CoreGraphics.framework; path = System/Library/Frameworks/CoreGraphics.framework; sourceTree = SDKROOT; };
		D8E45AA818C8D96400BDA5A4 /* UIKit.framework */ = {isa = PBXFileReference; lastKnownFileType = wrapper.framework; name = UIKit.framework; path = System/Library/Frameworks/UIKit.framework; sourceTree = SDKROOT; };
		D8E45AC418C8D96400BDA5A4 /* JOECurrencyTextFieldTests.xctest */ = {isa = PBXFileReference; explicitFileType = wrapper.cfbundle; includeInIndex = 0; path = JOECurrencyTextFieldTests.xctest; sourceTree = BUILT_PRODUCTS_DIR; };
		D8E45AC518C8D96400BDA5A4 /* XCTest.framework */ = {isa = PBXFileReference; lastKnownFileType = wrapper.framework; name = XCTest.framework; path = Library/Frameworks/XCTest.framework; sourceTree = DEVELOPER_DIR; };
		D8E45ACD18C8D96400BDA5A4 /* JOECurrencyTextFieldTests-Info.plist */ = {isa = PBXFileReference; lastKnownFileType = text.plist.xml; path = "JOECurrencyTextFieldTests-Info.plist"; sourceTree = "<group>"; };
		D8E45ACF18C8D96400BDA5A4 /* en */ = {isa = PBXFileReference; lastKnownFileType = text.plist.strings; name = en; path = en.lproj/InfoPlist.strings; sourceTree = "<group>"; };
		D8E45AD118C8D96400BDA5A4 /* JOECurrencyTextFieldTests.m */ = {isa = PBXFileReference; lastKnownFileType = sourcecode.c.objc; path = JOECurrencyTextFieldTests.m; sourceTree = "<group>"; };
		D8E45AE018C8D9F100BDA5A4 /* AppDelegate.h */ = {isa = PBXFileReference; fileEncoding = 4; lastKnownFileType = sourcecode.c.h; path = AppDelegate.h; sourceTree = "<group>"; };
		D8E45AE118C8D9F100BDA5A4 /* AppDelegate.m */ = {isa = PBXFileReference; fileEncoding = 4; lastKnownFileType = sourcecode.c.objc; path = AppDelegate.m; sourceTree = "<group>"; };
		D8E45AE318C8D9F100BDA5A4 /* Base */ = {isa = PBXFileReference; lastKnownFileType = file.storyboard; name = Base; path = Base.lproj/Main.storyboard; sourceTree = "<group>"; };
		D8E45AE518C8D9F100BDA5A4 /* en */ = {isa = PBXFileReference; lastKnownFileType = text.plist.strings; name = en; path = en.lproj/InfoPlist.strings; sourceTree = "<group>"; };
		D8E45AE618C8D9F100BDA5A4 /* Images.xcassets */ = {isa = PBXFileReference; lastKnownFileType = folder.assetcatalog; path = Images.xcassets; sourceTree = "<group>"; };
		D8E45AE718C8D9F100BDA5A4 /* JOECurrencyTextField-Info.plist */ = {isa = PBXFileReference; fileEncoding = 4; lastKnownFileType = text.plist.xml; path = "JOECurrencyTextField-Info.plist"; sourceTree = "<group>"; };
		D8E45AE818C8D9F100BDA5A4 /* JOECurrencyTextField-Prefix.pch */ = {isa = PBXFileReference; fileEncoding = 4; lastKnownFileType = sourcecode.c.h; path = "JOECurrencyTextField-Prefix.pch"; sourceTree = "<group>"; };
		D8E45AE918C8D9F100BDA5A4 /* main.m */ = {isa = PBXFileReference; fileEncoding = 4; lastKnownFileType = sourcecode.c.objc; path = main.m; sourceTree = "<group>"; };
		D8E45AEA18C8D9F100BDA5A4 /* ViewController.h */ = {isa = PBXFileReference; fileEncoding = 4; lastKnownFileType = sourcecode.c.h; path = ViewController.h; sourceTree = "<group>"; };
		D8E45AEB18C8D9F100BDA5A4 /* ViewController.m */ = {isa = PBXFileReference; fileEncoding = 4; lastKnownFileType = sourcecode.c.objc; path = ViewController.m; sourceTree = "<group>"; };
		D8E45AFE18C8DB8900BDA5A4 /* JOECurrencyTextField.h */ = {isa = PBXFileReference; fileEncoding = 4; lastKnownFileType = sourcecode.c.h; path = JOECurrencyTextField.h; sourceTree = "<group>"; };
		D8E45AFF18C8DB8900BDA5A4 /* JOECurrencyTextField.m */ = {isa = PBXFileReference; fileEncoding = 4; lastKnownFileType = sourcecode.c.objc; path = JOECurrencyTextField.m; sourceTree = "<group>"; };
/* End PBXFileReference section */

/* Begin PBXFrameworksBuildPhase section */
		D8E45A9E18C8D96400BDA5A4 /* Frameworks */ = {
			isa = PBXFrameworksBuildPhase;
			buildActionMask = 2147483647;
			files = (
				D8E45AA718C8D96400BDA5A4 /* CoreGraphics.framework in Frameworks */,
				D8E45AA918C8D96400BDA5A4 /* UIKit.framework in Frameworks */,
				D8E45AA518C8D96400BDA5A4 /* Foundation.framework in Frameworks */,
			);
			runOnlyForDeploymentPostprocessing = 0;
		};
		D8E45AC118C8D96400BDA5A4 /* Frameworks */ = {
			isa = PBXFrameworksBuildPhase;
			buildActionMask = 2147483647;
			files = (
				D8E45AC618C8D96400BDA5A4 /* XCTest.framework in Frameworks */,
				D8E45AC818C8D96400BDA5A4 /* UIKit.framework in Frameworks */,
				D8E45AC718C8D96400BDA5A4 /* Foundation.framework in Frameworks */,
			);
			runOnlyForDeploymentPostprocessing = 0;
		};
/* End PBXFrameworksBuildPhase section */

/* Begin PBXGroup section */
		D89737F118E3429B00F76C58 /* Documentation */ = {
			isa = PBXGroup;
			children = (
				D89737F218E3429B00F76C58 /* AppledocSettings.plist */,
				D89737F618E3429B00F76C58 /* LICENSE */,
				D89737F718E3429B00F76C58 /* Readme.markdown */,
				D89737F318E3429B00F76C58 /* Programming Guides */,
			);
			name = Documentation;
			sourceTree = "<group>";
		};
		D89737F318E3429B00F76C58 /* Programming Guides */ = {
			isa = PBXGroup;
			children = (
				D89737F418E3429B00F76C58 /* Programming Guide-template.markdown */,
				D89737F518E3429B00F76C58 /* Setup Guide-template.markdown */,
			);
			name = "Programming Guides";
			sourceTree = "<group>";
		};
		D8E45A9818C8D96400BDA5A4 = {
			isa = PBXGroup;
			children = (
				D8E45AFD18C8DB8900BDA5A4 /* JOECurrencyTextField */,
				D8E45ADF18C8D9F100BDA5A4 /* Demo */,
				D8E45ACB18C8D96400BDA5A4 /* JOECurrencyTextFieldTests */,
				D89737F118E3429B00F76C58 /* Documentation */,
				D8E45AA318C8D96400BDA5A4 /* Frameworks */,
				D8E45AA218C8D96400BDA5A4 /* Products */,
			);
			sourceTree = "<group>";
		};
		D8E45AA218C8D96400BDA5A4 /* Products */ = {
			isa = PBXGroup;
			children = (
				D8E45AA118C8D96400BDA5A4 /* JOECurrencyTextField.app */,
				D8E45AC418C8D96400BDA5A4 /* JOECurrencyTextFieldTests.xctest */,
			);
			name = Products;
			sourceTree = "<group>";
		};
		D8E45AA318C8D96400BDA5A4 /* Frameworks */ = {
			isa = PBXGroup;
			children = (
				D8E45AA418C8D96400BDA5A4 /* Foundation.framework */,
				D8E45AA618C8D96400BDA5A4 /* CoreGraphics.framework */,
				D8E45AA818C8D96400BDA5A4 /* UIKit.framework */,
				D8E45AC518C8D96400BDA5A4 /* XCTest.framework */,
			);
			name = Frameworks;
			sourceTree = "<group>";
		};
		D8E45ACB18C8D96400BDA5A4 /* JOECurrencyTextFieldTests */ = {
			isa = PBXGroup;
			children = (
				D8E45AD118C8D96400BDA5A4 /* JOECurrencyTextFieldTests.m */,
				D8E45ACC18C8D96400BDA5A4 /* Supporting Files */,
			);
			path = JOECurrencyTextFieldTests;
			sourceTree = "<group>";
		};
		D8E45ACC18C8D96400BDA5A4 /* Supporting Files */ = {
			isa = PBXGroup;
			children = (
				D8E45ACD18C8D96400BDA5A4 /* JOECurrencyTextFieldTests-Info.plist */,
				D8E45ACE18C8D96400BDA5A4 /* InfoPlist.strings */,
			);
			name = "Supporting Files";
			sourceTree = "<group>";
		};
		D8E45ADF18C8D9F100BDA5A4 /* Demo */ = {
			isa = PBXGroup;
			children = (
				D8E45AF318C8DA4100BDA5A4 /* Application Delegate */,
				D8E45AF618C8DA7F00BDA5A4 /* View Controllers */,
				D8E45AF418C8DA5C00BDA5A4 /* Resources */,
				D8E45AF518C8DA6C00BDA5A4 /* Supporting Files */,
			);
			path = Demo;
			sourceTree = "<group>";
		};
		D8E45AF318C8DA4100BDA5A4 /* Application Delegate */ = {
			isa = PBXGroup;
			children = (
				D8E45AE018C8D9F100BDA5A4 /* AppDelegate.h */,
				D8E45AE118C8D9F100BDA5A4 /* AppDelegate.m */,
			);
			name = "Application Delegate";
			sourceTree = "<group>";
		};
		D8E45AF418C8DA5C00BDA5A4 /* Resources */ = {
			isa = PBXGroup;
			children = (
				D8E45AE218C8D9F100BDA5A4 /* Main.storyboard */,
				D8E45AE618C8D9F100BDA5A4 /* Images.xcassets */,
			);
			name = Resources;
			sourceTree = "<group>";
		};
		D8E45AF518C8DA6C00BDA5A4 /* Supporting Files */ = {
			isa = PBXGroup;
			children = (
				D8E45AE418C8D9F100BDA5A4 /* InfoPlist.strings */,
				D8E45AE718C8D9F100BDA5A4 /* JOECurrencyTextField-Info.plist */,
				D8E45AE818C8D9F100BDA5A4 /* JOECurrencyTextField-Prefix.pch */,
				D8E45AE918C8D9F100BDA5A4 /* main.m */,
			);
			name = "Supporting Files";
			sourceTree = "<group>";
		};
		D8E45AF618C8DA7F00BDA5A4 /* View Controllers */ = {
			isa = PBXGroup;
			children = (
				D8E45AEA18C8D9F100BDA5A4 /* ViewController.h */,
				D8E45AEB18C8D9F100BDA5A4 /* ViewController.m */,
			);
			name = "View Controllers";
			sourceTree = "<group>";
		};
		D8E45AFD18C8DB8900BDA5A4 /* JOECurrencyTextField */ = {
			isa = PBXGroup;
			children = (
				D8E45AFE18C8DB8900BDA5A4 /* JOECurrencyTextField.h */,
				D8E45AFF18C8DB8900BDA5A4 /* JOECurrencyTextField.m */,
			);
			path = JOECurrencyTextField;
			sourceTree = "<group>";
		};
/* End PBXGroup section */

/* Begin PBXNativeTarget section */
		D8E45AA018C8D96400BDA5A4 /* JOECurrencyTextField */ = {
			isa = PBXNativeTarget;
			buildConfigurationList = D8E45AD918C8D96400BDA5A4 /* Build configuration list for PBXNativeTarget "JOECurrencyTextField" */;
			buildPhases = (
				D8E45A9D18C8D96400BDA5A4 /* Sources */,
				D8E45A9E18C8D96400BDA5A4 /* Frameworks */,
				D8E45A9F18C8D96400BDA5A4 /* Resources */,
			);
			buildRules = (
			);
			dependencies = (
			);
			name = JOECurrencyTextField;
			productName = JOECurrencyTextField;
			productReference = D8E45AA118C8D96400BDA5A4 /* JOECurrencyTextField.app */;
			productType = "com.apple.product-type.application";
		};
		D8E45AC318C8D96400BDA5A4 /* JOECurrencyTextFieldTests */ = {
			isa = PBXNativeTarget;
			buildConfigurationList = D8E45ADC18C8D96400BDA5A4 /* Build configuration list for PBXNativeTarget "JOECurrencyTextFieldTests" */;
			buildPhases = (
				D8E45AC018C8D96400BDA5A4 /* Sources */,
				D8E45AC118C8D96400BDA5A4 /* Frameworks */,
				D8E45AC218C8D96400BDA5A4 /* Resources */,
			);
			buildRules = (
			);
			dependencies = (
				D8E45ACA18C8D96400BDA5A4 /* PBXTargetDependency */,
			);
			name = JOECurrencyTextFieldTests;
			productName = JOECurrencyTextFieldTests;
			productReference = D8E45AC418C8D96400BDA5A4 /* JOECurrencyTextFieldTests.xctest */;
			productType = "com.apple.product-type.bundle.unit-test";
		};
/* End PBXNativeTarget section */

/* Begin PBXProject section */
		D8E45A9918C8D96400BDA5A4 /* Project object */ = {
			isa = PBXProject;
			attributes = {
				LastUpgradeCheck = 0510;
				ORGANIZATIONNAME = "Joseph Collins";
				TargetAttributes = {
					D8E45AC318C8D96400BDA5A4 = {
						TestTargetID = D8E45AA018C8D96400BDA5A4;
					};
				};
			};
			buildConfigurationList = D8E45A9C18C8D96400BDA5A4 /* Build configuration list for PBXProject "JOECurrencyTextField" */;
			compatibilityVersion = "Xcode 3.2";
			developmentRegion = English;
			hasScannedForEncodings = 0;
			knownRegions = (
				en,
				Base,
			);
			mainGroup = D8E45A9818C8D96400BDA5A4;
			productRefGroup = D8E45AA218C8D96400BDA5A4 /* Products */;
			projectDirPath = "";
			projectRoot = "";
			targets = (
				D8E45AA018C8D96400BDA5A4 /* JOECurrencyTextField */,
				D8E45AC318C8D96400BDA5A4 /* JOECurrencyTextFieldTests */,
				D89737F018E3429B00F76C58 /* Documentation */,
			);
		};
/* End PBXProject section */

/* Begin PBXResourcesBuildPhase section */
		D8E45A9F18C8D96400BDA5A4 /* Resources */ = {
			isa = PBXResourcesBuildPhase;
			buildActionMask = 2147483647;
			files = (
				D8E45AEF18C8D9F100BDA5A4 /* Images.xcassets in Resources */,
				D8E45AED18C8D9F100BDA5A4 /* Main.storyboard in Resources */,
				D8E45AEE18C8D9F100BDA5A4 /* InfoPlist.strings in Resources */,
			);
			runOnlyForDeploymentPostprocessing = 0;
		};
		D8E45AC218C8D96400BDA5A4 /* Resources */ = {
			isa = PBXResourcesBuildPhase;
			buildActionMask = 2147483647;
			files = (
				D8E45AD018C8D96400BDA5A4 /* InfoPlist.strings in Resources */,
			);
			runOnlyForDeploymentPostprocessing = 0;
		};
/* End PBXResourcesBuildPhase section */

/* Begin PBXShellScriptBuildPhase section */
		D89737EF18E3429B00F76C58 /* ShellScript */ = {
			isa = PBXShellScriptBuildPhase;
			buildActionMask = 2147483647;
			files = (
			);
			inputPaths = (
			);
			outputPaths = (
			);
			runOnlyForDeploymentPostprocessing = 0;
			shellPath = /bin/sh;
			shellScript = "/usr/local/bin/appledoc \\\n--output \"${BUILD_DIR}/Documentation/\" \\\n\"${PROJECT_DIR}/Documentation\" \\\n\"${PROJECT_DIR}/${PROJECT_NAME}\"\necho \"Documentation Output directory: ${BUILD_DIR}/Documentation/\"\n// USER CONFIG\nSOURCE_DIR=\"co.ijoe.${PROJECT_NAME}.docset/Contents/Resources/\"\nDESTINATION_DIR=\"/Users/Joe/Work/iJoe.Co/Development/iJoe.Co Developer/Library/${PROJECT_NAME}\"\n// END USER CONFIG\ncd \"${BUILD_DIR}/Documentation/\"\nmkdir -p \"$DESTINATION_DIR\"\ncp -fR \"publish/\" \"$DESTINATION_DIR\"\ncd $SOURCE_DIR\ncp -fR \"Documents/\" \"$DESTINATION_DIR\"\ncd \"$DESTINATION_DIR\"\nopen -a Terminal\nosascript -e 'tell application \"Terminal\" to do script \"cd '\"'$DESTINATION_DIR'\"'; nano '\"${PROJECT_NAME}\"'.xml\"'";
		};
/* End PBXShellScriptBuildPhase section */

/* Begin PBXSourcesBuildPhase section */
		D8E45A9D18C8D96400BDA5A4 /* Sources */ = {
			isa = PBXSourcesBuildPhase;
			buildActionMask = 2147483647;
			files = (
				D8E45AF218C8D9F100BDA5A4 /* ViewController.m in Sources */,
				D8E45B0018C8DB8900BDA5A4 /* JOECurrencyTextField.m in Sources */,
				D8E45AF118C8D9F100BDA5A4 /* main.m in Sources */,
				D8E45AEC18C8D9F100BDA5A4 /* AppDelegate.m in Sources */,
			);
			runOnlyForDeploymentPostprocessing = 0;
		};
		D8E45AC018C8D96400BDA5A4 /* Sources */ = {
			isa = PBXSourcesBuildPhase;
			buildActionMask = 2147483647;
			files = (
				D8E45AD218C8D96400BDA5A4 /* JOECurrencyTextFieldTests.m in Sources */,
			);
			runOnlyForDeploymentPostprocessing = 0;
		};
/* End PBXSourcesBuildPhase section */

/* Begin PBXTargetDependency section */
		D8E45ACA18C8D96400BDA5A4 /* PBXTargetDependency */ = {
			isa = PBXTargetDependency;
			target = D8E45AA018C8D96400BDA5A4 /* JOECurrencyTextField */;
			targetProxy = D8E45AC918C8D96400BDA5A4 /* PBXContainerItemProxy */;
		};
/* End PBXTargetDependency section */

/* Begin PBXVariantGroup section */
		D8E45ACE18C8D96400BDA5A4 /* InfoPlist.strings */ = {
			isa = PBXVariantGroup;
			children = (
				D8E45ACF18C8D96400BDA5A4 /* en */,
			);
			name = InfoPlist.strings;
			sourceTree = "<group>";
		};
		D8E45AE218C8D9F100BDA5A4 /* Main.storyboard */ = {
			isa = PBXVariantGroup;
			children = (
				D8E45AE318C8D9F100BDA5A4 /* Base */,
			);
			name = Main.storyboard;
			sourceTree = "<group>";
		};
		D8E45AE418C8D9F100BDA5A4 /* InfoPlist.strings */ = {
			isa = PBXVariantGroup;
			children = (
				D8E45AE518C8D9F100BDA5A4 /* en */,
			);
			name = InfoPlist.strings;
			sourceTree = "<group>";
		};
/* End PBXVariantGroup section */

/* Begin XCBuildConfiguration section */
		D89737F918E3429B00F76C58 /* Debug */ = {
			isa = XCBuildConfiguration;
			buildSettings = {
				PRODUCT_NAME = "$(TARGET_NAME)";
			};
			name = Debug;
		};
		D89737FA18E3429B00F76C58 /* Release */ = {
			isa = XCBuildConfiguration;
			buildSettings = {
				PRODUCT_NAME = "$(TARGET_NAME)";
			};
			name = Release;
		};
		D8E45AD718C8D96400BDA5A4 /* Debug */ = {
			isa = XCBuildConfiguration;
			buildSettings = {
				ALWAYS_SEARCH_USER_PATHS = NO;
				CLANG_CXX_LANGUAGE_STANDARD = "gnu++0x";
				CLANG_CXX_LIBRARY = "libc++";
				CLANG_ENABLE_MODULES = YES;
				CLANG_ENABLE_OBJC_ARC = YES;
				CLANG_WARN_BOOL_CONVERSION = YES;
				CLANG_WARN_CONSTANT_CONVERSION = YES;
				CLANG_WARN_DIRECT_OBJC_ISA_USAGE = YES_ERROR;
				CLANG_WARN_EMPTY_BODY = YES;
				CLANG_WARN_ENUM_CONVERSION = YES;
				CLANG_WARN_INT_CONVERSION = YES;
				CLANG_WARN_OBJC_ROOT_CLASS = YES_ERROR;
				CLANG_WARN__DUPLICATE_METHOD_MATCH = YES;
				"CODE_SIGN_IDENTITY[sdk=iphoneos*]" = "iPhone Developer";
				COPY_PHASE_STRIP = NO;
				GCC_C_LANGUAGE_STANDARD = gnu99;
				GCC_DYNAMIC_NO_PIC = NO;
				GCC_OPTIMIZATION_LEVEL = 0;
				GCC_PREPROCESSOR_DEFINITIONS = (
					"DEBUG=1",
					"$(inherited)",
				);
				GCC_SYMBOLS_PRIVATE_EXTERN = NO;
				GCC_WARN_64_TO_32_BIT_CONVERSION = YES;
				GCC_WARN_ABOUT_RETURN_TYPE = YES_ERROR;
				GCC_WARN_UNDECLARED_SELECTOR = YES;
				GCC_WARN_UNINITIALIZED_AUTOS = YES;
				GCC_WARN_UNUSED_FUNCTION = YES;
				GCC_WARN_UNUSED_VARIABLE = YES;
				IPHONEOS_DEPLOYMENT_TARGET = 7.0;
				ONLY_ACTIVE_ARCH = YES;
				SDKROOT = iphoneos;
			};
			name = Debug;
		};
		D8E45AD818C8D96400BDA5A4 /* Release */ = {
			isa = XCBuildConfiguration;
			buildSettings = {
				ALWAYS_SEARCH_USER_PATHS = NO;
				CLANG_CXX_LANGUAGE_STANDARD = "gnu++0x";
				CLANG_CXX_LIBRARY = "libc++";
				CLANG_ENABLE_MODULES = YES;
				CLANG_ENABLE_OBJC_ARC = YES;
				CLANG_WARN_BOOL_CONVERSION = YES;
				CLANG_WARN_CONSTANT_CONVERSION = YES;
				CLANG_WARN_DIRECT_OBJC_ISA_USAGE = YES_ERROR;
				CLANG_WARN_EMPTY_BODY = YES;
				CLANG_WARN_ENUM_CONVERSION = YES;
				CLANG_WARN_INT_CONVERSION = YES;
				CLANG_WARN_OBJC_ROOT_CLASS = YES_ERROR;
				CLANG_WARN__DUPLICATE_METHOD_MATCH = YES;
				"CODE_SIGN_IDENTITY[sdk=iphoneos*]" = "iPhone Developer";
				COPY_PHASE_STRIP = YES;
				ENABLE_NS_ASSERTIONS = NO;
				GCC_C_LANGUAGE_STANDARD = gnu99;
				GCC_WARN_64_TO_32_BIT_CONVERSION = YES;
				GCC_WARN_ABOUT_RETURN_TYPE = YES_ERROR;
				GCC_WARN_UNDECLARED_SELECTOR = YES;
				GCC_WARN_UNINITIALIZED_AUTOS = YES;
				GCC_WARN_UNUSED_FUNCTION = YES;
				GCC_WARN_UNUSED_VARIABLE = YES;
				IPHONEOS_DEPLOYMENT_TARGET = 7.0;
				SDKROOT = iphoneos;
				VALIDATE_PRODUCT = YES;
			};
			name = Release;
		};
		D8E45ADA18C8D96400BDA5A4 /* Debug */ = {
			isa = XCBuildConfiguration;
			buildSettings = {
				ASSETCATALOG_COMPILER_APPICON_NAME = AppIcon;
				ASSETCATALOG_COMPILER_LAUNCHIMAGE_NAME = LaunchImage;
				GCC_PRECOMPILE_PREFIX_HEADER = YES;
				GCC_PREFIX_HEADER = "Demo/JOECurrencyTextField-Prefix.pch";
				INFOPLIST_FILE = "Demo/JOECurrencyTextField-Info.plist";
				PRODUCT_NAME = JOECurrencyTextField;
				WRAPPER_EXTENSION = app;
			};
			name = Debug;
		};
		D8E45ADB18C8D96400BDA5A4 /* Release */ = {
			isa = XCBuildConfiguration;
			buildSettings = {
				ASSETCATALOG_COMPILER_APPICON_NAME = AppIcon;
				ASSETCATALOG_COMPILER_LAUNCHIMAGE_NAME = LaunchImage;
				GCC_PRECOMPILE_PREFIX_HEADER = YES;
				GCC_PREFIX_HEADER = "Demo/JOECurrencyTextField-Prefix.pch";
				INFOPLIST_FILE = "Demo/JOECurrencyTextField-Info.plist";
				PRODUCT_NAME = JOECurrencyTextField;
				WRAPPER_EXTENSION = app;
			};
			name = Release;
		};
		D8E45ADD18C8D96400BDA5A4 /* Debug */ = {
			isa = XCBuildConfiguration;
			buildSettings = {
				BUNDLE_LOADER = "$(BUILT_PRODUCTS_DIR)/JOECurrencyTextField.app/JOECurrencyTextField";
				FRAMEWORK_SEARCH_PATHS = (
					"$(SDKROOT)/Developer/Library/Frameworks",
					"$(inherited)",
					"$(DEVELOPER_FRAMEWORKS_DIR)",
				);
				GCC_PRECOMPILE_PREFIX_HEADER = YES;
				GCC_PREFIX_HEADER = "Demo/JOECurrencyTextField-Prefix.pch";
				GCC_PREPROCESSOR_DEFINITIONS = (
					"DEBUG=1",
					"$(inherited)",
				);
				INFOPLIST_FILE = "JOECurrencyTextFieldTests/JOECurrencyTextFieldTests-Info.plist";
				PRODUCT_NAME = JOECurrencyTextFieldTests;
				TEST_HOST = "$(BUNDLE_LOADER)";
				WRAPPER_EXTENSION = xctest;
			};
			name = Debug;
		};
		D8E45ADE18C8D96400BDA5A4 /* Release */ = {
			isa = XCBuildConfiguration;
			buildSettings = {
				BUNDLE_LOADER = "$(BUILT_PRODUCTS_DIR)/JOECurrencyTextField.app/JOECurrencyTextField";
				FRAMEWORK_SEARCH_PATHS = (
					"$(SDKROOT)/Developer/Library/Frameworks",
					"$(inherited)",
					"$(DEVELOPER_FRAMEWORKS_DIR)",
				);
				GCC_PRECOMPILE_PREFIX_HEADER = YES;
				GCC_PREFIX_HEADER = "Demo/JOECurrencyTextField-Prefix.pch";
				INFOPLIST_FILE = "JOECurrencyTextFieldTests/JOECurrencyTextFieldTests-Info.plist";
				PRODUCT_NAME = JOECurrencyTextFieldTests;
				TEST_HOST = "$(BUNDLE_LOADER)";
				WRAPPER_EXTENSION = xctest;
			};
			name = Release;
		};
/* End XCBuildConfiguration section */

/* Begin XCConfigurationList section */
		D89737F818E3429B00F76C58 /* Build configuration list for PBXAggregateTarget "Documentation" */ = {
			isa = XCConfigurationList;
			buildConfigurations = (
				D89737F918E3429B00F76C58 /* Debug */,
				D89737FA18E3429B00F76C58 /* Release */,
			);
			defaultConfigurationIsVisible = 0;
			defaultConfigurationName = Release;
		};
		D8E45A9C18C8D96400BDA5A4 /* Build configuration list for PBXProject "JOECurrencyTextField" */ = {
			isa = XCConfigurationList;
			buildConfigurations = (
				D8E45AD718C8D96400BDA5A4 /* Debug */,
				D8E45AD818C8D96400BDA5A4 /* Release */,
			);
			defaultConfigurationIsVisible = 0;
			defaultConfigurationName = Release;
		};
		D8E45AD918C8D96400BDA5A4 /* Build configuration list for PBXNativeTarget "JOECurrencyTextField" */ = {
			isa = XCConfigurationList;
			buildConfigurations = (
				D8E45ADA18C8D96400BDA5A4 /* Debug */,
				D8E45ADB18C8D96400BDA5A4 /* Release */,
			);
			defaultConfigurationIsVisible = 0;
			defaultConfigurationName = Release;
		};
		D8E45ADC18C8D96400BDA5A4 /* Build configuration list for PBXNativeTarget "JOECurrencyTextFieldTests" */ = {
			isa = XCConfigurationList;
			buildConfigurations = (
				D8E45ADD18C8D96400BDA5A4 /* Debug */,
				D8E45ADE18C8D96400BDA5A4 /* Release */,
			);
			defaultConfigurationIsVisible = 0;
			defaultConfigurationName = Release;
		};
/* End XCConfigurationList section */
	};
	rootObject = D8E45A9918C8D96400BDA5A4 /* Project object */;
}
